
Microsoft Visual Studio Solution File, Format Version 12.00
# Visual Studio Version 17
VisualStudioVersion = 17.0.32014.148
MinimumVisualStudioVersion = 10.0.40219.1
Project("{FAE04EC0-301F-11D3-BF4B-00C04F79EFBC}") = "PortfolioCMS", "PortfolioCMS\PortfolioCMS.csproj", "{AE590929-7DCF-4A82-BC85-59361DCCDAB2}"
EndProject
Project("{9A19103F-16F7-4668-BE54-9A1E7A4F7556}") = "Presenters", "Presenters\Presenters.csproj", "{1789309B-9FAF-4BF2-AA86-A01316A47A51}"
EndProject
Project("{9A19103F-16F7-4668-BE54-9A1E7A4F7556}") = "Data", "Data\Data.csproj", "{4087CCFB-3DAC-477D-AA31-21A180566A7D}"
EndProject
Global
	GlobalSection(SolutionConfigurationPlatforms) = preSolution
		Debug|Any CPU = Debug|Any CPU
		Release|Any CPU = Release|Any CPU
	EndGlobalSection
	GlobalSection(ProjectConfigurationPlatforms) = postSolution
		{AE590929-7DCF-4A82-BC85-59361DCCDAB2}.Debug|Any CPU.ActiveCfg = Debug|Any CPU
		{AE590929-7DCF-4A82-BC85-59361DCCDAB2}.Debug|Any CPU.Build.0 = Debug|Any CPU
		{AE590929-7DCF-4A82-BC85-59361DCCDAB2}.Release|Any CPU.ActiveCfg = Release|Any CPU
		{AE590929-7DCF-4A82-BC85-59361DCCDAB2}.Release|Any CPU.Build.0 = Release|Any CPU
		{1789309B-9FAF-4BF2-AA86-A01316A47A51}.Debug|Any CPU.ActiveCfg = Debug|Any CPU
		{1789309B-9FAF-4BF2-AA86-A01316A47A51}.Debug|Any CPU.Build.0 = Debug|Any CPU
		{1789309B-9FAF-4BF2-AA86-A01316A47A51}.Release|Any CPU.ActiveCfg = Release|Any CPU
		{1789309B-9FAF-4BF2-AA86-A01316A47A51}.Release|Any CPU.Build.0 = Release|Any CPU
		{4087CCFB-3DAC-477D-AA31-21A180566A7D}.Debug|Any CPU.ActiveCfg = Debug|Any CPU
		{4087CCFB-3DAC-477D-AA31-21A180566A7D}.Debug|Any CPU.Build.0 = Debug|Any CPU
		{4087CCFB-3DAC-477D-AA31-21A180566A7D}.Release|Any CPU.ActiveCfg = Release|Any CPU
		{4087CCFB-3DAC-477D-AA31-21A180566A7D}.Release|Any CPU.Build.0 = Release|Any CPU
	EndGlobalSection
	GlobalSection(SolutionProperties) = preSolution
		HideSolutionNode = FALSE
	EndGlobalSection
	GlobalSection(ExtensibilityGlobals) = postSolution
		SolutionGuid = {0AD5D5FC-661A-45E4-9750-FC9744A3221D}
	EndGlobalSection
EndGlobal
