
Microsoft Visual Studio Solution File, Format Version 12.00
# Visual Studio Version 17
VisualStudioVersion = 17.0.32014.148
MinimumVisualStudioVersion = 10.0.40219.1
Project("{FAE04EC0-301F-11D3-BF4B-00C04F79EFBC}") = "MvxPortfolioManager.Core", "PortfolioManager\MvxPortfolioManager.Core.csproj", "{9041197A-7711-4151-A21F-E84322B84AB5}"
EndProject
Project("{FAE04EC0-301F-11D3-BF4B-00C04F79EFBC}") = "MvxPortfolioManager.Wpf", "MvxPortfolioManager.Wpf\MvxPortfolioManager.Wpf.csproj", "{2D07956C-9FE5-458F-8759-4EAE6BC0E8F0}"
EndProject
Global
	GlobalSection(SolutionConfigurationPlatforms) = preSolution
		Debug|Any CPU = Debug|Any CPU
		Release|Any CPU = Release|Any CPU
	EndGlobalSection
	GlobalSection(ProjectConfigurationPlatforms) = postSolution
		{9041197A-7711-4151-A21F-E84322B84AB5}.Debug|Any CPU.ActiveCfg = Debug|Any CPU
		{9041197A-7711-4151-A21F-E84322B84AB5}.Debug|Any CPU.Build.0 = Debug|Any CPU
		{9041197A-7711-4151-A21F-E84322B84AB5}.Release|Any CPU.ActiveCfg = Release|Any CPU
		{9041197A-7711-4151-A21F-E84322B84AB5}.Release|Any CPU.Build.0 = Release|Any CPU
		{2D07956C-9FE5-458F-8759-4EAE6BC0E8F0}.Debug|Any CPU.ActiveCfg = Debug|Any CPU
		{2D07956C-9FE5-458F-8759-4EAE6BC0E8F0}.Debug|Any CPU.Build.0 = Debug|Any CPU
		{2D07956C-9FE5-458F-8759-4EAE6BC0E8F0}.Release|Any CPU.ActiveCfg = Release|Any CPU
		{2D07956C-9FE5-458F-8759-4EAE6BC0E8F0}.Release|Any CPU.Build.0 = Release|Any CPU
	EndGlobalSection
	GlobalSection(SolutionProperties) = preSolution
		HideSolutionNode = FALSE
	EndGlobalSection
	GlobalSection(ExtensibilityGlobals) = postSolution
		SolutionGuid = {B5905923-1C66-4AB2-96EC-88271D5F3779}
	EndGlobalSection
EndGlobal
